
Microsoft Visual Studio Solution File, Format Version 12.00
# Visual Studio Version 16
VisualStudioVersion = 16.0.28917.182
MinimumVisualStudioVersion = 10.0.40219.1
Project("{9A19103F-16F7-4668-BE54-9A1E7A4F7556}") = "userapi", "userapi\userapi.csproj", "{CE92B452-BAA0-4F0A-842C-800AA4E9D1C7}"
EndProject
Project("{9A19103F-16F7-4668-BE54-9A1E7A4F7556}") = "ConsoleUsersManager", "ConsoleUsersManager\ConsoleUsersManager.csproj", "{2B966B49-6A31-4243-9CF2-3628E63201F3}"
EndProject
Project("{FAE04EC0-301F-11D3-BF4B-00C04F79EFBC}") = "userapi-tests", "userapi-tests\userapi-tests.csproj", "{6EB89427-6FB0-487F-9830-CD6275AC7D19}"
EndProject
Global
	GlobalSection(SolutionConfigurationPlatforms) = preSolution
		Debug|Any CPU = Debug|Any CPU
		Release|Any CPU = Release|Any CPU
	EndGlobalSection
	GlobalSection(ProjectConfigurationPlatforms) = postSolution
		{CE92B452-BAA0-4F0A-842C-800AA4E9D1C7}.Debug|Any CPU.ActiveCfg = Debug|Any CPU
		{CE92B452-BAA0-4F0A-842C-800AA4E9D1C7}.Debug|Any CPU.Build.0 = Debug|Any CPU
		{CE92B452-BAA0-4F0A-842C-800AA4E9D1C7}.Release|Any CPU.ActiveCfg = Release|Any CPU
		{CE92B452-BAA0-4F0A-842C-800AA4E9D1C7}.Release|Any CPU.Build.0 = Release|Any CPU
		{2B966B49-6A31-4243-9CF2-3628E63201F3}.Debug|Any CPU.ActiveCfg = Debug|Any CPU
		{2B966B49-6A31-4243-9CF2-3628E63201F3}.Debug|Any CPU.Build.0 = Debug|Any CPU
		{2B966B49-6A31-4243-9CF2-3628E63201F3}.Release|Any CPU.ActiveCfg = Release|Any CPU
		{2B966B49-6A31-4243-9CF2-3628E63201F3}.Release|Any CPU.Build.0 = Release|Any CPU
		{6EB89427-6FB0-487F-9830-CD6275AC7D19}.Debug|Any CPU.ActiveCfg = Debug|Any CPU
		{6EB89427-6FB0-487F-9830-CD6275AC7D19}.Debug|Any CPU.Build.0 = Debug|Any CPU
		{6EB89427-6FB0-487F-9830-CD6275AC7D19}.Release|Any CPU.ActiveCfg = Release|Any CPU
		{6EB89427-6FB0-487F-9830-CD6275AC7D19}.Release|Any CPU.Build.0 = Release|Any CPU
	EndGlobalSection
	GlobalSection(SolutionProperties) = preSolution
		HideSolutionNode = FALSE
	EndGlobalSection
	GlobalSection(ExtensibilityGlobals) = postSolution
		SolutionGuid = {8B706179-8619-4BC1-94BD-7F288AE5BC7A}
	EndGlobalSection
EndGlobal
